
Microsoft Visual Studio Solution File, Format Version 12.00
Project("{2150E333-8FDC-42A3-9474-1A3956D46DE8}") = "Src", "Src", "{477DB0CC-C38A-4420-BBB5-9F1767C648A1}"
EndProject
Project("{2150E333-8FDC-42A3-9474-1A3956D46DE8}") = "Tests", "Tests", "{FE37C392-E704-4139-8321-444C126C1614}"
EndProject
Project("{FAE04EC0-301F-11D3-BF4B-00C04F79EFBC}") = "TranzrMoves.Api", "Src\TranzrMoves.Api\TranzrMoves.Api.csproj", "{6420DD2F-6CDB-4DEB-B475-72BF29E6E537}"
EndProject
Project("{FAE04EC0-301F-11D3-BF4B-00C04F79EFBC}") = "TranzrMoves.Infrastructure", "Src\TranzrMoves.Infrastructure\TranzrMoves.Infrastructure.csproj", "{37287153-E661-4794-8513-1F4F0AFA8360}"
EndProject
Project("{FAE04EC0-301F-11D3-BF4B-00C04F79EFBC}") = "TranzrMoves.Domain", "Src\TranzrMoves.Domain\TranzrMoves.Domain.csproj", "{4FF2F98B-1783-4D47-B87A-8C0E9751B1FA}"
EndProject
Project("{FAE04EC0-301F-11D3-BF4B-00C04F79EFBC}") = "TranzrMoves.Application", "Src\TranzrMoves.Application\TranzrMoves.Application.csproj", "{F83DC749-E8B1-4358-B125-56D399383AA6}"
EndProject
Project("{FAE04EC0-301F-11D3-BF4B-00C04F79EFBC}") = "TranzrMoves.IntegrationTests", "Tests\TranzrMoves.IntegrationTests\TranzrMoves.IntegrationTests.csproj", "{98D84C4A-5452-487E-A80C-B42C11B6D4EA}"
EndProject
Project("{FAE04EC0-301F-11D3-BF4B-00C04F79EFBC}") = "TranzrMoves.UnitTests", "Tests\TranzrMoves.UnitTests\TranzrMoves.UnitTests.csproj", "{68343B6F-85F1-4884-B458-B42598607DCD}"
EndProject
Global
	GlobalSection(SolutionConfigurationPlatforms) = preSolution
		Debug|Any CPU = Debug|Any CPU
		Release|Any CPU = Release|Any CPU
	EndGlobalSection
	GlobalSection(NestedProjects) = preSolution
		{6420DD2F-6CDB-4DEB-B475-72BF29E6E537} = {477DB0CC-C38A-4420-BBB5-9F1767C648A1}
		{37287153-E661-4794-8513-1F4F0AFA8360} = {477DB0CC-C38A-4420-BBB5-9F1767C648A1}
		{4FF2F98B-1783-4D47-B87A-8C0E9751B1FA} = {477DB0CC-C38A-4420-BBB5-9F1767C648A1}
		{F83DC749-E8B1-4358-B125-56D399383AA6} = {477DB0CC-C38A-4420-BBB5-9F1767C648A1}
		{98D84C4A-5452-487E-A80C-B42C11B6D4EA} = {FE37C392-E704-4139-8321-444C126C1614}
		{68343B6F-85F1-4884-B458-B42598607DCD} = {FE37C392-E704-4139-8321-444C126C1614}
	EndGlobalSection
	GlobalSection(ProjectConfigurationPlatforms) = postSolution
		{6420DD2F-6CDB-4DEB-B475-72BF29E6E537}.Debug|Any CPU.ActiveCfg = Debug|Any CPU
		{6420DD2F-6CDB-4DEB-B475-72BF29E6E537}.Debug|Any CPU.Build.0 = Debug|Any CPU
		{6420DD2F-6CDB-4DEB-B475-72BF29E6E537}.Release|Any CPU.ActiveCfg = Release|Any CPU
		{6420DD2F-6CDB-4DEB-B475-72BF29E6E537}.Release|Any CPU.Build.0 = Release|Any CPU
		{37287153-E661-4794-8513-1F4F0AFA8360}.Debug|Any CPU.ActiveCfg = Debug|Any CPU
		{37287153-E661-4794-8513-1F4F0AFA8360}.Debug|Any CPU.Build.0 = Debug|Any CPU
		{37287153-E661-4794-8513-1F4F0AFA8360}.Release|Any CPU.ActiveCfg = Release|Any CPU
		{37287153-E661-4794-8513-1F4F0AFA8360}.Release|Any CPU.Build.0 = Release|Any CPU
		{4FF2F98B-1783-4D47-B87A-8C0E9751B1FA}.Debug|Any CPU.ActiveCfg = Debug|Any CPU
		{4FF2F98B-1783-4D47-B87A-8C0E9751B1FA}.Debug|Any CPU.Build.0 = Debug|Any CPU
		{4FF2F98B-1783-4D47-B87A-8C0E9751B1FA}.Release|Any CPU.ActiveCfg = Release|Any CPU
		{4FF2F98B-1783-4D47-B87A-8C0E9751B1FA}.Release|Any CPU.Build.0 = Release|Any CPU
		{F83DC749-E8B1-4358-B125-56D399383AA6}.Debug|Any CPU.ActiveCfg = Debug|Any CPU
		{F83DC749-E8B1-4358-B125-56D399383AA6}.Debug|Any CPU.Build.0 = Debug|Any CPU
		{F83DC749-E8B1-4358-B125-56D399383AA6}.Release|Any CPU.ActiveCfg = Release|Any CPU
		{F83DC749-E8B1-4358-B125-56D399383AA6}.Release|Any CPU.Build.0 = Release|Any CPU
		{98D84C4A-5452-487E-A80C-B42C11B6D4EA}.Debug|Any CPU.ActiveCfg = Debug|Any CPU
		{98D84C4A-5452-487E-A80C-B42C11B6D4EA}.Debug|Any CPU.Build.0 = Debug|Any CPU
		{98D84C4A-5452-487E-A80C-B42C11B6D4EA}.Release|Any CPU.ActiveCfg = Release|Any CPU
		{98D84C4A-5452-487E-A80C-B42C11B6D4EA}.Release|Any CPU.Build.0 = Release|Any CPU
		{68343B6F-85F1-4884-B458-B42598607DCD}.Debug|Any CPU.ActiveCfg = Debug|Any CPU
		{68343B6F-85F1-4884-B458-B42598607DCD}.Debug|Any CPU.Build.0 = Debug|Any CPU
		{68343B6F-85F1-4884-B458-B42598607DCD}.Release|Any CPU.ActiveCfg = Release|Any CPU
		{68343B6F-85F1-4884-B458-B42598607DCD}.Release|Any CPU.Build.0 = Release|Any CPU
	EndGlobalSection
EndGlobal
