
Microsoft Visual Studio Solution File, Format Version 12.00
Project("{2150E333-8FDC-42A3-9474-1A3956D46DE8}") = "Src", "Src", "{477DB0CC-C38A-4420-BBB5-9F1767C648A1}"
EndProject
Project("{2150E333-8FDC-42A3-9474-1A3956D46DE8}") = "Tests", "Tests", "{FE37C392-E704-4139-8321-444C126C1614}"
EndProject
Project("{FAE04EC0-301F-11D3-BF4B-00C04F79EFBC}") = "TranzrMoves.Api", "Src\TranzrMoves.Api\TranzrMoves.Api.csproj", "{6420DD2F-6CDB-4DEB-B475-72BF29E6E537}"
EndProject
Project("{FAE04EC0-301F-11D3-BF4B-00C04F79EFBC}") = "TranzrMoves.Infrastructure", "Src\TranzrMoves.Infrastructure\TranzrMoves.Infrastructure.csproj", "{37287153-E661-4794-8513-1F4F0AFA8360}"
EndProject
Project("{FAE04EC0-301F-11D3-BF4B-00C04F79EFBC}") = "TranzrMoves.Domain", "Src\TranzrMoves.Domain\TranzrMoves.Domain.csproj", "{4FF2F98B-1783-4D47-B87A-8C0E9751B1FA}"
EndProject
Project("{FAE04EC0-301F-11D3-BF4B-00C04F79EFBC}") = "TranzrMoves.Application", "Src\TranzrMoves.Application\TranzrMoves.Application.csproj", "{F83DC749-E8B1-4358-B125-56D399383AA6}"
EndProject
Project("{FAE04EC0-301F-11D3-BF4B-00C04F79EFBC}") = "TranzrMoves.IntegrationTests", "Tests\TranzrMoves.IntegrationTests\TranzrMoves.IntegrationTests.csproj", "{98D84C4A-5452-487E-A80C-B42C11B6D4EA}"
EndProject
Project("{FAE04EC0-301F-11D3-BF4B-00C04F79EFBC}") = "TranzrMoves.UnitTests", "Tests\TranzrMoves.UnitTests\TranzrMoves.UnitTests.csproj", "{68343B6F-85F1-4884-B458-B42598607DCD}"
EndProject
Project("{FAE04EC0-301F-11D3-BF4B-00C04F79EFBC}") = "TranzrMoves.Worker", "Src\TranzrMoves.Worker\TranzrMoves.Worker.csproj", "{809DFC92-7A99-437D-9487-E79FDC4C686A}"
EndProject
Project("{FAE04EC0-301F-11D3-BF4B-00C04F79EFBC}") = "TranzrMoves.Notifications.Contracts", "Src\TranzrMoves.Notifications.Contracts\TranzrMoves.Notifications.Contracts.csproj", "{445544C4-B431-4642-AD2C-DEF8B055B3BA}"
EndProject
Project("{FAE04EC0-301F-11D3-BF4B-00C04F79EFBC}") = "TranzrMoves.Notifications.Infrastructure", "Src\TranzrMoves.Notifications.Infrastructure\TranzrMoves.Notifications.Infrastructure.csproj", "{9AFCD8FC-4797-4AAB-83D0-3234BFDF008C}"
EndProject
Project("{FAE04EC0-301F-11D3-BF4B-00C04F79EFBC}") = "TranzrMoves.Notifications.Application", "Src\TranzrMoves.Notifications.Application\TranzrMoves.Notifications.Application.csproj", "{13592B13-9195-4F9C-8E70-9F1F34198C75}"
EndProject
Project("{FAE04EC0-301F-11D3-BF4B-00C04F79EFBC}") = "TranzrMoves.Notifications", "Src\TranzrMoves.Notifications\TranzrMoves.Notifications.csproj", "{FD59FADF-B426-406E-B654-7C4517B80E3A}"
EndProject
Project("{FAE04EC0-301F-11D3-BF4B-00C04F79EFBC}") = "TranzrMoves.Notifications.UnitTests", "Tests\TranzrMoves.Notifications.UnitTests\TranzrMoves.Notifications.UnitTests.csproj", "{82A2DC1D-51CF-4CBB-95B6-B5ECA9D514B0}"
EndProject
Project("{FAE04EC0-301F-11D3-BF4B-00C04F79EFBC}") = "TranzrMoves.Notifications.IntegrationTests", "Tests\TranzrMoves.Notifications.IntegrationTests\TranzrMoves.Notifications.IntegrationTests.csproj", "{097F4FEE-EA17-42C7-86CA-6A22829387AB}"
EndProject
Project("{FAE04EC0-301F-11D3-BF4B-00C04F79EFBC}") = "TranzrMoves.Observability", "Src\TranzrMoves.Observability\TranzrMoves.Observability.csproj", "{F7CA74B2-BC8F-4310-BCE7-4657A88FF037}"
EndProject
Global
	GlobalSection(SolutionConfigurationPlatforms) = preSolution
		Debug|Any CPU = Debug|Any CPU
		Debug|x64 = Debug|x64
		Debug|x86 = Debug|x86
		Release|Any CPU = Release|Any CPU
		Release|x64 = Release|x64
		Release|x86 = Release|x86
	EndGlobalSection
	GlobalSection(ProjectConfigurationPlatforms) = postSolution
		{6420DD2F-6CDB-4DEB-B475-72BF29E6E537}.Debug|Any CPU.ActiveCfg = Debug|Any CPU
		{6420DD2F-6CDB-4DEB-B475-72BF29E6E537}.Debug|Any CPU.Build.0 = Debug|Any CPU
		{6420DD2F-6CDB-4DEB-B475-72BF29E6E537}.Debug|x64.ActiveCfg = Debug|Any CPU
		{6420DD2F-6CDB-4DEB-B475-72BF29E6E537}.Debug|x64.Build.0 = Debug|Any CPU
		{6420DD2F-6CDB-4DEB-B475-72BF29E6E537}.Debug|x86.ActiveCfg = Debug|Any CPU
		{6420DD2F-6CDB-4DEB-B475-72BF29E6E537}.Debug|x86.Build.0 = Debug|Any CPU
		{6420DD2F-6CDB-4DEB-B475-72BF29E6E537}.Release|Any CPU.ActiveCfg = Release|Any CPU
		{6420DD2F-6CDB-4DEB-B475-72BF29E6E537}.Release|Any CPU.Build.0 = Release|Any CPU
		{6420DD2F-6CDB-4DEB-B475-72BF29E6E537}.Release|x64.ActiveCfg = Release|Any CPU
		{6420DD2F-6CDB-4DEB-B475-72BF29E6E537}.Release|x64.Build.0 = Release|Any CPU
		{6420DD2F-6CDB-4DEB-B475-72BF29E6E537}.Release|x86.ActiveCfg = Release|Any CPU
		{6420DD2F-6CDB-4DEB-B475-72BF29E6E537}.Release|x86.Build.0 = Release|Any CPU
		{37287153-E661-4794-8513-1F4F0AFA8360}.Debug|Any CPU.ActiveCfg = Debug|Any CPU
		{37287153-E661-4794-8513-1F4F0AFA8360}.Debug|Any CPU.Build.0 = Debug|Any CPU
		{37287153-E661-4794-8513-1F4F0AFA8360}.Debug|x64.ActiveCfg = Debug|Any CPU
		{37287153-E661-4794-8513-1F4F0AFA8360}.Debug|x64.Build.0 = Debug|Any CPU
		{37287153-E661-4794-8513-1F4F0AFA8360}.Debug|x86.ActiveCfg = Debug|Any CPU
		{37287153-E661-4794-8513-1F4F0AFA8360}.Debug|x86.Build.0 = Debug|Any CPU
		{37287153-E661-4794-8513-1F4F0AFA8360}.Release|Any CPU.ActiveCfg = Release|Any CPU
		{37287153-E661-4794-8513-1F4F0AFA8360}.Release|Any CPU.Build.0 = Release|Any CPU
		{37287153-E661-4794-8513-1F4F0AFA8360}.Release|x64.ActiveCfg = Release|Any CPU
		{37287153-E661-4794-8513-1F4F0AFA8360}.Release|x64.Build.0 = Release|Any CPU
		{37287153-E661-4794-8513-1F4F0AFA8360}.Release|x86.ActiveCfg = Release|Any CPU
		{37287153-E661-4794-8513-1F4F0AFA8360}.Release|x86.Build.0 = Release|Any CPU
		{4FF2F98B-1783-4D47-B87A-8C0E9751B1FA}.Debug|Any CPU.ActiveCfg = Debug|Any CPU
		{4FF2F98B-1783-4D47-B87A-8C0E9751B1FA}.Debug|Any CPU.Build.0 = Debug|Any CPU
		{4FF2F98B-1783-4D47-B87A-8C0E9751B1FA}.Debug|x64.ActiveCfg = Debug|Any CPU
		{4FF2F98B-1783-4D47-B87A-8C0E9751B1FA}.Debug|x64.Build.0 = Debug|Any CPU
		{4FF2F98B-1783-4D47-B87A-8C0E9751B1FA}.Debug|x86.ActiveCfg = Debug|Any CPU
		{4FF2F98B-1783-4D47-B87A-8C0E9751B1FA}.Debug|x86.Build.0 = Debug|Any CPU
		{4FF2F98B-1783-4D47-B87A-8C0E9751B1FA}.Release|Any CPU.ActiveCfg = Release|Any CPU
		{4FF2F98B-1783-4D47-B87A-8C0E9751B1FA}.Release|Any CPU.Build.0 = Release|Any CPU
		{4FF2F98B-1783-4D47-B87A-8C0E9751B1FA}.Release|x64.ActiveCfg = Release|Any CPU
		{4FF2F98B-1783-4D47-B87A-8C0E9751B1FA}.Release|x64.Build.0 = Release|Any CPU
		{4FF2F98B-1783-4D47-B87A-8C0E9751B1FA}.Release|x86.ActiveCfg = Release|Any CPU
		{4FF2F98B-1783-4D47-B87A-8C0E9751B1FA}.Release|x86.Build.0 = Release|Any CPU
		{F83DC749-E8B1-4358-B125-56D399383AA6}.Debug|Any CPU.ActiveCfg = Debug|Any CPU
		{F83DC749-E8B1-4358-B125-56D399383AA6}.Debug|Any CPU.Build.0 = Debug|Any CPU
		{F83DC749-E8B1-4358-B125-56D399383AA6}.Debug|x64.ActiveCfg = Debug|Any CPU
		{F83DC749-E8B1-4358-B125-56D399383AA6}.Debug|x64.Build.0 = Debug|Any CPU
		{F83DC749-E8B1-4358-B125-56D399383AA6}.Debug|x86.ActiveCfg = Debug|Any CPU
		{F83DC749-E8B1-4358-B125-56D399383AA6}.Debug|x86.Build.0 = Debug|Any CPU
		{F83DC749-E8B1-4358-B125-56D399383AA6}.Release|Any CPU.ActiveCfg = Release|Any CPU
		{F83DC749-E8B1-4358-B125-56D399383AA6}.Release|Any CPU.Build.0 = Release|Any CPU
		{F83DC749-E8B1-4358-B125-56D399383AA6}.Release|x64.ActiveCfg = Release|Any CPU
		{F83DC749-E8B1-4358-B125-56D399383AA6}.Release|x64.Build.0 = Release|Any CPU
		{F83DC749-E8B1-4358-B125-56D399383AA6}.Release|x86.ActiveCfg = Release|Any CPU
		{F83DC749-E8B1-4358-B125-56D399383AA6}.Release|x86.Build.0 = Release|Any CPU
		{98D84C4A-5452-487E-A80C-B42C11B6D4EA}.Debug|Any CPU.ActiveCfg = Debug|Any CPU
		{98D84C4A-5452-487E-A80C-B42C11B6D4EA}.Debug|Any CPU.Build.0 = Debug|Any CPU
		{98D84C4A-5452-487E-A80C-B42C11B6D4EA}.Debug|x64.ActiveCfg = Debug|Any CPU
		{98D84C4A-5452-487E-A80C-B42C11B6D4EA}.Debug|x64.Build.0 = Debug|Any CPU
		{98D84C4A-5452-487E-A80C-B42C11B6D4EA}.Debug|x86.ActiveCfg = Debug|Any CPU
		{98D84C4A-5452-487E-A80C-B42C11B6D4EA}.Debug|x86.Build.0 = Debug|Any CPU
		{98D84C4A-5452-487E-A80C-B42C11B6D4EA}.Release|Any CPU.ActiveCfg = Release|Any CPU
		{98D84C4A-5452-487E-A80C-B42C11B6D4EA}.Release|Any CPU.Build.0 = Release|Any CPU
		{98D84C4A-5452-487E-A80C-B42C11B6D4EA}.Release|x64.ActiveCfg = Release|Any CPU
		{98D84C4A-5452-487E-A80C-B42C11B6D4EA}.Release|x64.Build.0 = Release|Any CPU
		{98D84C4A-5452-487E-A80C-B42C11B6D4EA}.Release|x86.ActiveCfg = Release|Any CPU
		{98D84C4A-5452-487E-A80C-B42C11B6D4EA}.Release|x86.Build.0 = Release|Any CPU
		{68343B6F-85F1-4884-B458-B42598607DCD}.Debug|Any CPU.ActiveCfg = Debug|Any CPU
		{68343B6F-85F1-4884-B458-B42598607DCD}.Debug|Any CPU.Build.0 = Debug|Any CPU
		{68343B6F-85F1-4884-B458-B42598607DCD}.Debug|x64.ActiveCfg = Debug|Any CPU
		{68343B6F-85F1-4884-B458-B42598607DCD}.Debug|x64.Build.0 = Debug|Any CPU
		{68343B6F-85F1-4884-B458-B42598607DCD}.Debug|x86.ActiveCfg = Debug|Any CPU
		{68343B6F-85F1-4884-B458-B42598607DCD}.Debug|x86.Build.0 = Debug|Any CPU
		{68343B6F-85F1-4884-B458-B42598607DCD}.Release|Any CPU.ActiveCfg = Release|Any CPU
		{68343B6F-85F1-4884-B458-B42598607DCD}.Release|Any CPU.Build.0 = Release|Any CPU
		{68343B6F-85F1-4884-B458-B42598607DCD}.Release|x64.ActiveCfg = Release|Any CPU
		{68343B6F-85F1-4884-B458-B42598607DCD}.Release|x64.Build.0 = Release|Any CPU
		{68343B6F-85F1-4884-B458-B42598607DCD}.Release|x86.ActiveCfg = Release|Any CPU
		{68343B6F-85F1-4884-B458-B42598607DCD}.Release|x86.Build.0 = Release|Any CPU
		{809DFC92-7A99-437D-9487-E79FDC4C686A}.Debug|Any CPU.ActiveCfg = Debug|Any CPU
		{809DFC92-7A99-437D-9487-E79FDC4C686A}.Debug|Any CPU.Build.0 = Debug|Any CPU
		{809DFC92-7A99-437D-9487-E79FDC4C686A}.Debug|x64.ActiveCfg = Debug|Any CPU
		{809DFC92-7A99-437D-9487-E79FDC4C686A}.Debug|x64.Build.0 = Debug|Any CPU
		{809DFC92-7A99-437D-9487-E79FDC4C686A}.Debug|x86.ActiveCfg = Debug|Any CPU
		{809DFC92-7A99-437D-9487-E79FDC4C686A}.Debug|x86.Build.0 = Debug|Any CPU
		{809DFC92-7A99-437D-9487-E79FDC4C686A}.Release|Any CPU.ActiveCfg = Release|Any CPU
		{809DFC92-7A99-437D-9487-E79FDC4C686A}.Release|Any CPU.Build.0 = Release|Any CPU
		{809DFC92-7A99-437D-9487-E79FDC4C686A}.Release|x64.ActiveCfg = Release|Any CPU
		{809DFC92-7A99-437D-9487-E79FDC4C686A}.Release|x64.Build.0 = Release|Any CPU
		{809DFC92-7A99-437D-9487-E79FDC4C686A}.Release|x86.ActiveCfg = Release|Any CPU
		{809DFC92-7A99-437D-9487-E79FDC4C686A}.Release|x86.Build.0 = Release|Any CPU
		{445544C4-B431-4642-AD2C-DEF8B055B3BA}.Debug|Any CPU.ActiveCfg = Debug|Any CPU
		{445544C4-B431-4642-AD2C-DEF8B055B3BA}.Debug|Any CPU.Build.0 = Debug|Any CPU
		{445544C4-B431-4642-AD2C-DEF8B055B3BA}.Debug|x64.ActiveCfg = Debug|Any CPU
		{445544C4-B431-4642-AD2C-DEF8B055B3BA}.Debug|x64.Build.0 = Debug|Any CPU
		{445544C4-B431-4642-AD2C-DEF8B055B3BA}.Debug|x86.ActiveCfg = Debug|Any CPU
		{445544C4-B431-4642-AD2C-DEF8B055B3BA}.Debug|x86.Build.0 = Debug|Any CPU
		{445544C4-B431-4642-AD2C-DEF8B055B3BA}.Release|Any CPU.ActiveCfg = Release|Any CPU
		{445544C4-B431-4642-AD2C-DEF8B055B3BA}.Release|Any CPU.Build.0 = Release|Any CPU
		{445544C4-B431-4642-AD2C-DEF8B055B3BA}.Release|x64.ActiveCfg = Release|Any CPU
		{445544C4-B431-4642-AD2C-DEF8B055B3BA}.Release|x64.Build.0 = Release|Any CPU
		{445544C4-B431-4642-AD2C-DEF8B055B3BA}.Release|x86.ActiveCfg = Release|Any CPU
		{445544C4-B431-4642-AD2C-DEF8B055B3BA}.Release|x86.Build.0 = Release|Any CPU
		{9AFCD8FC-4797-4AAB-83D0-3234BFDF008C}.Debug|Any CPU.ActiveCfg = Debug|Any CPU
		{9AFCD8FC-4797-4AAB-83D0-3234BFDF008C}.Debug|Any CPU.Build.0 = Debug|Any CPU
		{9AFCD8FC-4797-4AAB-83D0-3234BFDF008C}.Debug|x64.ActiveCfg = Debug|Any CPU
		{9AFCD8FC-4797-4AAB-83D0-3234BFDF008C}.Debug|x64.Build.0 = Debug|Any CPU
		{9AFCD8FC-4797-4AAB-83D0-3234BFDF008C}.Debug|x86.ActiveCfg = Debug|Any CPU
		{9AFCD8FC-4797-4AAB-83D0-3234BFDF008C}.Debug|x86.Build.0 = Debug|Any CPU
		{9AFCD8FC-4797-4AAB-83D0-3234BFDF008C}.Release|Any CPU.ActiveCfg = Release|Any CPU
		{9AFCD8FC-4797-4AAB-83D0-3234BFDF008C}.Release|Any CPU.Build.0 = Release|Any CPU
		{9AFCD8FC-4797-4AAB-83D0-3234BFDF008C}.Release|x64.ActiveCfg = Release|Any CPU
		{9AFCD8FC-4797-4AAB-83D0-3234BFDF008C}.Release|x64.Build.0 = Release|Any CPU
		{9AFCD8FC-4797-4AAB-83D0-3234BFDF008C}.Release|x86.ActiveCfg = Release|Any CPU
		{9AFCD8FC-4797-4AAB-83D0-3234BFDF008C}.Release|x86.Build.0 = Release|Any CPU
		{13592B13-9195-4F9C-8E70-9F1F34198C75}.Debug|Any CPU.ActiveCfg = Debug|Any CPU
		{13592B13-9195-4F9C-8E70-9F1F34198C75}.Debug|Any CPU.Build.0 = Debug|Any CPU
		{13592B13-9195-4F9C-8E70-9F1F34198C75}.Debug|x64.ActiveCfg = Debug|Any CPU
		{13592B13-9195-4F9C-8E70-9F1F34198C75}.Debug|x64.Build.0 = Debug|Any CPU
		{13592B13-9195-4F9C-8E70-9F1F34198C75}.Debug|x86.ActiveCfg = Debug|Any CPU
		{13592B13-9195-4F9C-8E70-9F1F34198C75}.Debug|x86.Build.0 = Debug|Any CPU
		{13592B13-9195-4F9C-8E70-9F1F34198C75}.Release|Any CPU.ActiveCfg = Release|Any CPU
		{13592B13-9195-4F9C-8E70-9F1F34198C75}.Release|Any CPU.Build.0 = Release|Any CPU
		{13592B13-9195-4F9C-8E70-9F1F34198C75}.Release|x64.ActiveCfg = Release|Any CPU
		{13592B13-9195-4F9C-8E70-9F1F34198C75}.Release|x64.Build.0 = Release|Any CPU
		{13592B13-9195-4F9C-8E70-9F1F34198C75}.Release|x86.ActiveCfg = Release|Any CPU
		{13592B13-9195-4F9C-8E70-9F1F34198C75}.Release|x86.Build.0 = Release|Any CPU
		{FD59FADF-B426-406E-B654-7C4517B80E3A}.Debug|Any CPU.ActiveCfg = Debug|Any CPU
		{FD59FADF-B426-406E-B654-7C4517B80E3A}.Debug|Any CPU.Build.0 = Debug|Any CPU
		{FD59FADF-B426-406E-B654-7C4517B80E3A}.Debug|x64.ActiveCfg = Debug|Any CPU
		{FD59FADF-B426-406E-B654-7C4517B80E3A}.Debug|x64.Build.0 = Debug|Any CPU
		{FD59FADF-B426-406E-B654-7C4517B80E3A}.Debug|x86.ActiveCfg = Debug|Any CPU
		{FD59FADF-B426-406E-B654-7C4517B80E3A}.Debug|x86.Build.0 = Debug|Any CPU
		{FD59FADF-B426-406E-B654-7C4517B80E3A}.Release|Any CPU.ActiveCfg = Release|Any CPU
		{FD59FADF-B426-406E-B654-7C4517B80E3A}.Release|Any CPU.Build.0 = Release|Any CPU
		{FD59FADF-B426-406E-B654-7C4517B80E3A}.Release|x64.ActiveCfg = Release|Any CPU
		{FD59FADF-B426-406E-B654-7C4517B80E3A}.Release|x64.Build.0 = Release|Any CPU
		{FD59FADF-B426-406E-B654-7C4517B80E3A}.Release|x86.ActiveCfg = Release|Any CPU
		{FD59FADF-B426-406E-B654-7C4517B80E3A}.Release|x86.Build.0 = Release|Any CPU
		{82A2DC1D-51CF-4CBB-95B6-B5ECA9D514B0}.Debug|Any CPU.ActiveCfg = Debug|Any CPU
		{82A2DC1D-51CF-4CBB-95B6-B5ECA9D514B0}.Debug|Any CPU.Build.0 = Debug|Any CPU
		{82A2DC1D-51CF-4CBB-95B6-B5ECA9D514B0}.Debug|x64.ActiveCfg = Debug|Any CPU
		{82A2DC1D-51CF-4CBB-95B6-B5ECA9D514B0}.Debug|x64.Build.0 = Debug|Any CPU
		{82A2DC1D-51CF-4CBB-95B6-B5ECA9D514B0}.Debug|x86.ActiveCfg = Debug|Any CPU
		{82A2DC1D-51CF-4CBB-95B6-B5ECA9D514B0}.Debug|x86.Build.0 = Debug|Any CPU
		{82A2DC1D-51CF-4CBB-95B6-B5ECA9D514B0}.Release|Any CPU.ActiveCfg = Release|Any CPU
		{82A2DC1D-51CF-4CBB-95B6-B5ECA9D514B0}.Release|Any CPU.Build.0 = Release|Any CPU
		{82A2DC1D-51CF-4CBB-95B6-B5ECA9D514B0}.Release|x64.ActiveCfg = Release|Any CPU
		{82A2DC1D-51CF-4CBB-95B6-B5ECA9D514B0}.Release|x64.Build.0 = Release|Any CPU
		{82A2DC1D-51CF-4CBB-95B6-B5ECA9D514B0}.Release|x86.ActiveCfg = Release|Any CPU
		{82A2DC1D-51CF-4CBB-95B6-B5ECA9D514B0}.Release|x86.Build.0 = Release|Any CPU
		{097F4FEE-EA17-42C7-86CA-6A22829387AB}.Debug|Any CPU.ActiveCfg = Debug|Any CPU
		{097F4FEE-EA17-42C7-86CA-6A22829387AB}.Debug|Any CPU.Build.0 = Debug|Any CPU
		{097F4FEE-EA17-42C7-86CA-6A22829387AB}.Debug|x64.ActiveCfg = Debug|Any CPU
		{097F4FEE-EA17-42C7-86CA-6A22829387AB}.Debug|x64.Build.0 = Debug|Any CPU
		{097F4FEE-EA17-42C7-86CA-6A22829387AB}.Debug|x86.ActiveCfg = Debug|Any CPU
		{097F4FEE-EA17-42C7-86CA-6A22829387AB}.Debug|x86.Build.0 = Debug|Any CPU
		{097F4FEE-EA17-42C7-86CA-6A22829387AB}.Release|Any CPU.ActiveCfg = Release|Any CPU
		{097F4FEE-EA17-42C7-86CA-6A22829387AB}.Release|Any CPU.Build.0 = Release|Any CPU
		{097F4FEE-EA17-42C7-86CA-6A22829387AB}.Release|x64.ActiveCfg = Release|Any CPU
		{097F4FEE-EA17-42C7-86CA-6A22829387AB}.Release|x64.Build.0 = Release|Any CPU
		{097F4FEE-EA17-42C7-86CA-6A22829387AB}.Release|x86.ActiveCfg = Release|Any CPU
		{097F4FEE-EA17-42C7-86CA-6A22829387AB}.Release|x86.Build.0 = Release|Any CPU
		{F7CA74B2-BC8F-4310-BCE7-4657A88FF037}.Debug|Any CPU.ActiveCfg = Debug|Any CPU
		{F7CA74B2-BC8F-4310-BCE7-4657A88FF037}.Debug|Any CPU.Build.0 = Debug|Any CPU
		{F7CA74B2-BC8F-4310-BCE7-4657A88FF037}.Debug|x64.ActiveCfg = Debug|Any CPU
		{F7CA74B2-BC8F-4310-BCE7-4657A88FF037}.Debug|x64.Build.0 = Debug|Any CPU
		{F7CA74B2-BC8F-4310-BCE7-4657A88FF037}.Debug|x86.ActiveCfg = Debug|Any CPU
		{F7CA74B2-BC8F-4310-BCE7-4657A88FF037}.Debug|x86.Build.0 = Debug|Any CPU
		{F7CA74B2-BC8F-4310-BCE7-4657A88FF037}.Release|Any CPU.ActiveCfg = Release|Any CPU
		{F7CA74B2-BC8F-4310-BCE7-4657A88FF037}.Release|Any CPU.Build.0 = Release|Any CPU
		{F7CA74B2-BC8F-4310-BCE7-4657A88FF037}.Release|x64.ActiveCfg = Release|Any CPU
		{F7CA74B2-BC8F-4310-BCE7-4657A88FF037}.Release|x64.Build.0 = Release|Any CPU
		{F7CA74B2-BC8F-4310-BCE7-4657A88FF037}.Release|x86.ActiveCfg = Release|Any CPU
		{F7CA74B2-BC8F-4310-BCE7-4657A88FF037}.Release|x86.Build.0 = Release|Any CPU
	EndGlobalSection
	GlobalSection(SolutionProperties) = preSolution
		HideSolutionNode = FALSE
	EndGlobalSection
	GlobalSection(NestedProjects) = preSolution
		{6420DD2F-6CDB-4DEB-B475-72BF29E6E537} = {477DB0CC-C38A-4420-BBB5-9F1767C648A1}
		{37287153-E661-4794-8513-1F4F0AFA8360} = {477DB0CC-C38A-4420-BBB5-9F1767C648A1}
		{4FF2F98B-1783-4D47-B87A-8C0E9751B1FA} = {477DB0CC-C38A-4420-BBB5-9F1767C648A1}
		{F83DC749-E8B1-4358-B125-56D399383AA6} = {477DB0CC-C38A-4420-BBB5-9F1767C648A1}
		{98D84C4A-5452-487E-A80C-B42C11B6D4EA} = {FE37C392-E704-4139-8321-444C126C1614}
		{68343B6F-85F1-4884-B458-B42598607DCD} = {FE37C392-E704-4139-8321-444C126C1614}
		{809DFC92-7A99-437D-9487-E79FDC4C686A} = {477DB0CC-C38A-4420-BBB5-9F1767C648A1}
		{445544C4-B431-4642-AD2C-DEF8B055B3BA} = {477DB0CC-C38A-4420-BBB5-9F1767C648A1}
		{9AFCD8FC-4797-4AAB-83D0-3234BFDF008C} = {477DB0CC-C38A-4420-BBB5-9F1767C648A1}
		{13592B13-9195-4F9C-8E70-9F1F34198C75} = {477DB0CC-C38A-4420-BBB5-9F1767C648A1}
		{FD59FADF-B426-406E-B654-7C4517B80E3A} = {477DB0CC-C38A-4420-BBB5-9F1767C648A1}
		{82A2DC1D-51CF-4CBB-95B6-B5ECA9D514B0} = {FE37C392-E704-4139-8321-444C126C1614}
		{097F4FEE-EA17-42C7-86CA-6A22829387AB} = {FE37C392-E704-4139-8321-444C126C1614}
		{F7CA74B2-BC8F-4310-BCE7-4657A88FF037} = {477DB0CC-C38A-4420-BBB5-9F1767C648A1}
	EndGlobalSection
EndGlobal
